// !$*UTF8*$!
{
	archiveVersion = 1;
	classes = {
	};
	objectVersion = 46;
	objects = {

/* Begin PBXBuildFile section */
		B38655C41AE587490024DA2D /* Foundation.framework in Frameworks */ = {isa = PBXBuildFile; fileRef = B38655C31AE587490024DA2D /* Foundation.framework */; };
		B38655C61AE587490024DA2D /* CoreGraphics.framework in Frameworks */ = {isa = PBXBuildFile; fileRef = B38655C51AE587490024DA2D /* CoreGraphics.framework */; };
		B38655C81AE587490024DA2D /* UIKit.framework in Frameworks */ = {isa = PBXBuildFile; fileRef = B38655C71AE587490024DA2D /* UIKit.framework */; };
		B38655CE1AE587490024DA2D /* InfoPlist.strings in Resources */ = {isa = PBXBuildFile; fileRef = B38655CC1AE587490024DA2D /* InfoPlist.strings */; };
		B38655D01AE587490024DA2D /* main.m in Sources */ = {isa = PBXBuildFile; fileRef = B38655CF1AE587490024DA2D /* main.m */; };
		B38655D41AE587490024DA2D /* AppDelegate.m in Sources */ = {isa = PBXBuildFile; fileRef = B38655D31AE587490024DA2D /* AppDelegate.m */; };
		B38655D71AE587490024DA2D /* Main.storyboard in Resources */ = {isa = PBXBuildFile; fileRef = B38655D51AE587490024DA2D /* Main.storyboard */; };
		B38655DA1AE587490024DA2D /* ViewController.m in Sources */ = {isa = PBXBuildFile; fileRef = B38655D91AE587490024DA2D /* ViewController.m */; };
		B38655DC1AE587490024DA2D /* Images.xcassets in Resources */ = {isa = PBXBuildFile; fileRef = B38655DB1AE587490024DA2D /* Images.xcassets */; };
		B38655E31AE587490024DA2D /* XCTest.framework in Frameworks */ = {isa = PBXBuildFile; fileRef = B38655E21AE587490024DA2D /* XCTest.framework */; };
		B38655E41AE587490024DA2D /* Foundation.framework in Frameworks */ = {isa = PBXBuildFile; fileRef = B38655C31AE587490024DA2D /* Foundation.framework */; };
		B38655E51AE587490024DA2D /* UIKit.framework in Frameworks */ = {isa = PBXBuildFile; fileRef = B38655C71AE587490024DA2D /* UIKit.framework */; };
		B38655ED1AE587490024DA2D /* InfoPlist.strings in Resources */ = {isa = PBXBuildFile; fileRef = B38655EB1AE587490024DA2D /* InfoPlist.strings */; };
		B38655EF1AE587490024DA2D /* CoreDataRelTests.m in Sources */ = {isa = PBXBuildFile; fileRef = B38655EE1AE587490024DA2D /* CoreDataRelTests.m */; };
		B38655FA1AE5876B0024DA2D /* Model.xcdatamodeld in Sources */ = {isa = PBXBuildFile; fileRef = B38655F81AE5876B0024DA2D /* Model.xcdatamodeld */; };
		B38655FD1AE58A780024DA2D /* StudentClass.m in Sources */ = {isa = PBXBuildFile; fileRef = B38655FC1AE58A780024DA2D /* StudentClass.m */; };
		B38656001AE58ACA0024DA2D /* Student.m in Sources */ = {isa = PBXBuildFile; fileRef = B38655FF1AE58ACA0024DA2D /* Student.m */; };
/* End PBXBuildFile section */

/* Begin PBXContainerItemProxy section */
		B38655E61AE587490024DA2D /* PBXContainerItemProxy */ = {
			isa = PBXContainerItemProxy;
			containerPortal = B38655B81AE587490024DA2D /* Project object */;
			proxyType = 1;
			remoteGlobalIDString = B38655BF1AE587490024DA2D;
			remoteInfo = CoreDataRel;
		};
/* End PBXContainerItemProxy section */

/* Begin PBXFileReference section */
		B38655C01AE587490024DA2D /* CoreDataRel.app */ = {isa = PBXFileReference; explicitFileType = wrapper.application; includeInIndex = 0; path = CoreDataRel.app; sourceTree = BUILT_PRODUCTS_DIR; };
		B38655C31AE587490024DA2D /* Foundation.framework */ = {isa = PBXFileReference; lastKnownFileType = wrapper.framework; name = Foundation.framework; path = System/Library/Frameworks/Foundation.framework; sourceTree = SDKROOT; };
		B38655C51AE587490024DA2D /* CoreGraphics.framework */ = {isa = PBXFileReference; lastKnownFileType = wrapper.framework; name = CoreGraphics.framework; path = System/Library/Frameworks/CoreGraphics.framework; sourceTree = SDKROOT; };
		B38655C71AE587490024DA2D /* UIKit.framework */ = {isa = PBXFileReference; lastKnownFileType = wrapper.framework; name = UIKit.framework; path = System/Library/Frameworks/UIKit.framework; sourceTree = SDKROOT; };
		B38655CB1AE587490024DA2D /* CoreDataRel-Info.plist */ = {isa = PBXFileReference; lastKnownFileType = text.plist.xml; path = "CoreDataRel-Info.plist"; sourceTree = "<group>"; };
		B38655CD1AE587490024DA2D /* en */ = {isa = PBXFileReference; lastKnownFileType = text.plist.strings; name = en; path = en.lproj/InfoPlist.strings; sourceTree = "<group>"; };
		B38655CF1AE587490024DA2D /* main.m */ = {isa = PBXFileReference; lastKnownFileType = sourcecode.c.objc; path = main.m; sourceTree = "<group>"; };
		B38655D11AE587490024DA2D /* CoreDataRel-Prefix.pch */ = {isa = PBXFileReference; lastKnownFileType = sourcecode.c.h; path = "CoreDataRel-Prefix.pch"; sourceTree = "<group>"; };
		B38655D21AE587490024DA2D /* AppDelegate.h */ = {isa = PBXFileReference; lastKnownFileType = sourcecode.c.h; path = AppDelegate.h; sourceTree = "<group>"; };
		B38655D31AE587490024DA2D /* AppDelegate.m */ = {isa = PBXFileReference; lastKnownFileType = sourcecode.c.objc; path = AppDelegate.m; sourceTree = "<group>"; };
		B38655D61AE587490024DA2D /* Base */ = {isa = PBXFileReference; lastKnownFileType = file.storyboard; name = Base; path = Base.lproj/Main.storyboard; sourceTree = "<group>"; };
		B38655D81AE587490024DA2D /* ViewController.h */ = {isa = PBXFileReference; lastKnownFileType = sourcecode.c.h; path = ViewController.h; sourceTree = "<group>"; };
		B38655D91AE587490024DA2D /* ViewController.m */ = {isa = PBXFileReference; lastKnownFileType = sourcecode.c.objc; path = ViewController.m; sourceTree = "<group>"; };
		B38655DB1AE587490024DA2D /* Images.xcassets */ = {isa = PBXFileReference; lastKnownFileType = folder.assetcatalog; path = Images.xcassets; sourceTree = "<group>"; };
		B38655E11AE587490024DA2D /* CoreDataRelTests.xctest */ = {isa = PBXFileReference; explicitFileType = wrapper.cfbundle; includeInIndex = 0; path = CoreDataRelTests.xctest; sourceTree = BUILT_PRODUCTS_DIR; };
		B38655E21AE587490024DA2D /* XCTest.framework */ = {isa = PBXFileReference; lastKnownFileType = wrapper.framework; name = XCTest.framework; path = Library/Frameworks/XCTest.framework; sourceTree = DEVELOPER_DIR; };
		B38655EA1AE587490024DA2D /* CoreDataRelTests-Info.plist */ = {isa = PBXFileReference; lastKnownFileType = text.plist.xml; path = "CoreDataRelTests-Info.plist"; sourceTree = "<group>"; };
		B38655EC1AE587490024DA2D /* en */ = {isa = PBXFileReference; lastKnownFileType = text.plist.strings; name = en; path = en.lproj/InfoPlist.strings; sourceTree = "<group>"; };
		B38655EE1AE587490024DA2D /* CoreDataRelTests.m */ = {isa = PBXFileReference; lastKnownFileType = sourcecode.c.objc; path = CoreDataRelTests.m; sourceTree = "<group>"; };
		B38655F91AE5876B0024DA2D /* Model.xcdatamodel */ = {isa = PBXFileReference; lastKnownFileType = wrapper.xcdatamodel; path = Model.xcdatamodel; sourceTree = "<group>"; };
		B38655FB1AE58A780024DA2D /* StudentClass.h */ = {isa = PBXFileReference; fileEncoding = 4; lastKnownFileType = sourcecode.c.h; path = StudentClass.h; sourceTree = "<group>"; };
		B38655FC1AE58A780024DA2D /* StudentClass.m */ = {isa = PBXFileReference; fileEncoding = 4; lastKnownFileType = sourcecode.c.objc; path = StudentClass.m; sourceTree = "<group>"; };
		B38655FE1AE58ACA0024DA2D /* Student.h */ = {isa = PBXFileReference; fileEncoding = 4; lastKnownFileType = sourcecode.c.h; path = Student.h; sourceTree = "<group>"; };
		B38655FF1AE58ACA0024DA2D /* Student.m */ = {isa = PBXFileReference; fileEncoding = 4; lastKnownFileType = sourcecode.c.objc; path = Student.m; sourceTree = "<group>"; };
/* End PBXFileReference section */

/* Begin PBXFrameworksBuildPhase section */
		B38655BD1AE587490024DA2D /* Frameworks */ = {
			isa = PBXFrameworksBuildPhase;
			buildActionMask = 2147483647;
			files = (
				B38655C61AE587490024DA2D /* CoreGraphics.framework in Frameworks */,
				B38655C81AE587490024DA2D /* UIKit.framework in Frameworks */,
				B38655C41AE587490024DA2D /* Foundation.framework in Frameworks */,
			);
			runOnlyForDeploymentPostprocessing = 0;
		};
		B38655DE1AE587490024DA2D /* Frameworks */ = {
			isa = PBXFrameworksBuildPhase;
			buildActionMask = 2147483647;
			files = (
				B38655E31AE587490024DA2D /* XCTest.framework in Frameworks */,
				B38655E51AE587490024DA2D /* UIKit.framework in Frameworks */,
				B38655E41AE587490024DA2D /* Foundation.framework in Frameworks */,
			);
			runOnlyForDeploymentPostprocessing = 0;
		};
/* End PBXFrameworksBuildPhase section */

/* Begin PBXGroup section */
		B38655B71AE587490024DA2D = {
			isa = PBXGroup;
			children = (
				B38655C91AE587490024DA2D /* CoreDataRel */,
				B38655E81AE587490024DA2D /* CoreDataRelTests */,
				B38655C21AE587490024DA2D /* Frameworks */,
				B38655C11AE587490024DA2D /* Products */,
			);
			sourceTree = "<group>";
		};
		B38655C11AE587490024DA2D /* Products */ = {
			isa = PBXGroup;
			children = (
				B38655C01AE587490024DA2D /* CoreDataRel.app */,
				B38655E11AE587490024DA2D /* CoreDataRelTests.xctest */,
			);
			name = Products;
			sourceTree = "<group>";
		};
		B38655C21AE587490024DA2D /* Frameworks */ = {
			isa = PBXGroup;
			children = (
				B38655C31AE587490024DA2D /* Foundation.framework */,
				B38655C51AE587490024DA2D /* CoreGraphics.framework */,
				B38655C71AE587490024DA2D /* UIKit.framework */,
				B38655E21AE587490024DA2D /* XCTest.framework */,
			);
			name = Frameworks;
			sourceTree = "<group>";
		};
		B38655C91AE587490024DA2D /* CoreDataRel */ = {
			isa = PBXGroup;
			children = (
				B38655D21AE587490024DA2D /* AppDelegate.h */,
				B38655F81AE5876B0024DA2D /* Model.xcdatamodeld */,
				B38655FE1AE58ACA0024DA2D /* Student.h */,
				B38655FF1AE58ACA0024DA2D /* Student.m */,
				B38655FB1AE58A780024DA2D /* StudentClass.h */,
				B38655FC1AE58A780024DA2D /* StudentClass.m */,
				B38655D31AE587490024DA2D /* AppDelegate.m */,
				B38655D51AE587490024DA2D /* Main.storyboard */,
				B38655D81AE587490024DA2D /* ViewController.h */,
				B38655D91AE587490024DA2D /* ViewController.m */,
				B38655DB1AE587490024DA2D /* Images.xcassets */,
				B38655CA1AE587490024DA2D /* Supporting Files */,
			);
			path = CoreDataRel;
			sourceTree = "<group>";
		};
		B38655CA1AE587490024DA2D /* Supporting Files */ = {
			isa = PBXGroup;
			children = (
				B38655CB1AE587490024DA2D /* CoreDataRel-Info.plist */,
				B38655CC1AE587490024DA2D /* InfoPlist.strings */,
				B38655CF1AE587490024DA2D /* main.m */,
				B38655D11AE587490024DA2D /* CoreDataRel-Prefix.pch */,
			);
			name = "Supporting Files";
			sourceTree = "<group>";
		};
		B38655E81AE587490024DA2D /* CoreDataRelTests */ = {
			isa = PBXGroup;
			children = (
				B38655EE1AE587490024DA2D /* CoreDataRelTests.m */,
				B38655E91AE587490024DA2D /* Supporting Files */,
			);
			path = CoreDataRelTests;
			sourceTree = "<group>";
		};
		B38655E91AE587490024DA2D /* Supporting Files */ = {
			isa = PBXGroup;
			children = (
				B38655EA1AE587490024DA2D /* CoreDataRelTests-Info.plist */,
				B38655EB1AE587490024DA2D /* InfoPlist.strings */,
			);
			name = "Supporting Files";
			sourceTree = "<group>";
		};
/* End PBXGroup section */

/* Begin PBXNativeTarget section */
		B38655BF1AE587490024DA2D /* CoreDataRel */ = {
			isa = PBXNativeTarget;
			buildConfigurationList = B38655F21AE587490024DA2D /* Build configuration list for PBXNativeTarget "CoreDataRel" */;
			buildPhases = (
				B38655BC1AE587490024DA2D /* Sources */,
				B38655BD1AE587490024DA2D /* Frameworks */,
				B38655BE1AE587490024DA2D /* Resources */,
			);
			buildRules = (
			);
			dependencies = (
			);
			name = CoreDataRel;
			productName = CoreDataRel;
			productReference = B38655C01AE587490024DA2D /* CoreDataRel.app */;
			productType = "com.apple.product-type.application";
		};
		B38655E01AE587490024DA2D /* CoreDataRelTests */ = {
			isa = PBXNativeTarget;
			buildConfigurationList = B38655F51AE587490024DA2D /* Build configuration list for PBXNativeTarget "CoreDataRelTests" */;
			buildPhases = (
				B38655DD1AE587490024DA2D /* Sources */,
				B38655DE1AE587490024DA2D /* Frameworks */,
				B38655DF1AE587490024DA2D /* Resources */,
			);
			buildRules = (
			);
			dependencies = (
				B38655E71AE587490024DA2D /* PBXTargetDependency */,
			);
			name = CoreDataRelTests;
			productName = CoreDataRelTests;
			productReference = B38655E11AE587490024DA2D /* CoreDataRelTests.xctest */;
			productType = "com.apple.product-type.bundle.unit-test";
		};
/* End PBXNativeTarget section */

/* Begin PBXProject section */
		B38655B81AE587490024DA2D /* Project object */ = {
			isa = PBXProject;
			attributes = {
				LastUpgradeCheck = 0510;
				ORGANIZATIONNAME = AO;
				TargetAttributes = {
					B38655E01AE587490024DA2D = {
						TestTargetID = B38655BF1AE587490024DA2D;
					};
				};
			};
			buildConfigurationList = B38655BB1AE587490024DA2D /* Build configuration list for PBXProject "CoreDataRel" */;
			compatibilityVersion = "Xcode 3.2";
			developmentRegion = English;
			hasScannedForEncodings = 0;
			knownRegions = (
				en,
				Base,
			);
			mainGroup = B38655B71AE587490024DA2D;
			productRefGroup = B38655C11AE587490024DA2D /* Products */;
			projectDirPath = "";
			projectRoot = "";
			targets = (
				B38655BF1AE587490024DA2D /* CoreDataRel */,
				B38655E01AE587490024DA2D /* CoreDataRelTests */,
			);
		};
/* End PBXProject section */

/* Begin PBXResourcesBuildPhase section */
		B38655BE1AE587490024DA2D /* Resources */ = {
			isa = PBXResourcesBuildPhase;
			buildActionMask = 2147483647;
			files = (
				B38655DC1AE587490024DA2D /* Images.xcassets in Resources */,
				B38655CE1AE587490024DA2D /* InfoPlist.strings in Resources */,
				B38655D71AE587490024DA2D /* Main.storyboard in Resources */,
			);
			runOnlyForDeploymentPostprocessing = 0;
		};
		B38655DF1AE587490024DA2D /* Resources */ = {
			isa = PBXResourcesBuildPhase;
			buildActionMask = 2147483647;
			files = (
				B38655ED1AE587490024DA2D /* InfoPlist.strings in Resources */,
			);
			runOnlyForDeploymentPostprocessing = 0;
		};
/* End PBXResourcesBuildPhase section */

/* Begin PBXSourcesBuildPhase section */
		B38655BC1AE587490024DA2D /* Sources */ = {
			isa = PBXSourcesBuildPhase;
			buildActionMask = 2147483647;
			files = (
				B38655DA1AE587490024DA2D /* ViewController.m in Sources */,
				B38655D41AE587490024DA2D /* AppDelegate.m in Sources */,
				B38655D01AE587490024DA2D /* main.m in Sources */,
				B38655FD1AE58A780024DA2D /* StudentClass.m in Sources */,
				B38655FA1AE5876B0024DA2D /* Model.xcdatamodeld in Sources */,
				B38656001AE58ACA0024DA2D /* Student.m in Sources */,
			);
			runOnlyForDeploymentPostprocessing = 0;
		};
		B38655DD1AE587490024DA2D /* Sources */ = {
			isa = PBXSourcesBuildPhase;
			buildActionMask = 2147483647;
			files = (
				B38655EF1AE587490024DA2D /* CoreDataRelTests.m in Sources */,
			);
			runOnlyForDeploymentPostprocessing = 0;
		};
/* End PBXSourcesBuildPhase section */

/* Begin PBXTargetDependency section */
		B38655E71AE587490024DA2D /* PBXTargetDependency */ = {
			isa = PBXTargetDependency;
			target = B38655BF1AE587490024DA2D /* CoreDataRel */;
			targetProxy = B38655E61AE587490024DA2D /* PBXContainerItemProxy */;
		};
/* End PBXTargetDependency section */

/* Begin PBXVariantGroup section */
		B38655CC1AE587490024DA2D /* InfoPlist.strings */ = {
			isa = PBXVariantGroup;
			children = (
				B38655CD1AE587490024DA2D /* en */,
			);
			name = InfoPlist.strings;
			sourceTree = "<group>";
		};
		B38655D51AE587490024DA2D /* Main.storyboard */ = {
			isa = PBXVariantGroup;
			children = (
				B38655D61AE587490024DA2D /* Base */,
			);
			name = Main.storyboard;
			sourceTree = "<group>";
		};
		B38655EB1AE587490024DA2D /* InfoPlist.strings */ = {
			isa = PBXVariantGroup;
			children = (
				B38655EC1AE587490024DA2D /* en */,
			);
			name = InfoPlist.strings;
			sourceTree = "<group>";
		};
/* End PBXVariantGroup section */

/* Begin XCBuildConfiguration section */
		B38655F01AE587490024DA2D /* Debug */ = {
			isa = XCBuildConfiguration;
			buildSettings = {
				ALWAYS_SEARCH_USER_PATHS = NO;
				CLANG_CXX_LANGUAGE_STANDARD = "gnu++0x";
				CLANG_CXX_LIBRARY = "libc++";
				CLANG_ENABLE_MODULES = YES;
				CLANG_ENABLE_OBJC_ARC = YES;
				CLANG_WARN_BOOL_CONVERSION = YES;
				CLANG_WARN_CONSTANT_CONVERSION = YES;
				CLANG_WARN_DIRECT_OBJC_ISA_USAGE = YES_ERROR;
				CLANG_WARN_EMPTY_BODY = YES;
				CLANG_WARN_ENUM_CONVERSION = YES;
				CLANG_WARN_INT_CONVERSION = YES;
				CLANG_WARN_OBJC_ROOT_CLASS = YES_ERROR;
				CLANG_WARN__DUPLICATE_METHOD_MATCH = YES;
				"CODE_SIGN_IDENTITY[sdk=iphoneos*]" = "iPhone Developer";
				COPY_PHASE_STRIP = NO;
				GCC_C_LANGUAGE_STANDARD = gnu99;
				GCC_DYNAMIC_NO_PIC = NO;
				GCC_OPTIMIZATION_LEVEL = 0;
				GCC_PREPROCESSOR_DEFINITIONS = (
					"DEBUG=1",
					"$(inherited)",
				);
				GCC_SYMBOLS_PRIVATE_EXTERN = NO;
				GCC_WARN_64_TO_32_BIT_CONVERSION = YES;
				GCC_WARN_ABOUT_RETURN_TYPE = YES_ERROR;
				GCC_WARN_UNDECLARED_SELECTOR = YES;
				GCC_WARN_UNINITIALIZED_AUTOS = YES_AGGRESSIVE;
				GCC_WARN_UNUSED_FUNCTION = YES;
				GCC_WARN_UNUSED_VARIABLE = YES;
				IPHONEOS_DEPLOYMENT_TARGET = 7.1;
				ONLY_ACTIVE_ARCH = YES;
				SDKROOT = iphoneos;
			};
			name = Debug;
		};
		B38655F11AE587490024DA2D /* Release */ = {
			isa = XCBuildConfiguration;
			buildSettings = {
				ALWAYS_SEARCH_USER_PATHS = NO;
				CLANG_CXX_LANGUAGE_STANDARD = "gnu++0x";
				CLANG_CXX_LIBRARY = "libc++";
				CLANG_ENABLE_MODULES = YES;
				CLANG_ENABLE_OBJC_ARC = YES;
				CLANG_WARN_BOOL_CONVERSION = YES;
				CLANG_WARN_CONSTANT_CONVERSION = YES;
				CLANG_WARN_DIRECT_OBJC_ISA_USAGE = YES_ERROR;
				CLANG_WARN_EMPTY_BODY = YES;
				CLANG_WARN_ENUM_CONVERSION = YES;
				CLANG_WARN_INT_CONVERSION = YES;
				CLANG_WARN_OBJC_ROOT_CLASS = YES_ERROR;
				CLANG_WARN__DUPLICATE_METHOD_MATCH = YES;
				"CODE_SIGN_IDENTITY[sdk=iphoneos*]" = "iPhone Developer";
				COPY_PHASE_STRIP = YES;
				ENABLE_NS_ASSERTIONS = NO;
				GCC_C_LANGUAGE_STANDARD = gnu99;
				GCC_WARN_64_TO_32_BIT_CONVERSION = YES;
				GCC_WARN_ABOUT_RETURN_TYPE = YES_ERROR;
				GCC_WARN_UNDECLARED_SELECTOR = YES;
				GCC_WARN_UNINITIALIZED_AUTOS = YES_AGGRESSIVE;
				GCC_WARN_UNUSED_FUNCTION = YES;
				GCC_WARN_UNUSED_VARIABLE = YES;
				IPHONEOS_DEPLOYMENT_TARGET = 7.1;
				SDKROOT = iphoneos;
				VALIDATE_PRODUCT = YES;
			};
			name = Release;
		};
		B38655F31AE587490024DA2D /* Debug */ = {
			isa = XCBuildConfiguration;
			buildSettings = {
				ASSETCATALOG_COMPILER_APPICON_NAME = AppIcon;
				ASSETCATALOG_COMPILER_LAUNCHIMAGE_NAME = LaunchImage;
				GCC_PRECOMPILE_PREFIX_HEADER = YES;
				GCC_PREFIX_HEADER = "CoreDataRel/CoreDataRel-Prefix.pch";
				INFOPLIST_FILE = "CoreDataRel/CoreDataRel-Info.plist";
				PRODUCT_NAME = "$(TARGET_NAME)";
				WRAPPER_EXTENSION = app;
			};
			name = Debug;
		};
		B38655F41AE587490024DA2D /* Release */ = {
			isa = XCBuildConfiguration;
			buildSettings = {
				ASSETCATALOG_COMPILER_APPICON_NAME = AppIcon;
				ASSETCATALOG_COMPILER_LAUNCHIMAGE_NAME = LaunchImage;
				GCC_PRECOMPILE_PREFIX_HEADER = YES;
				GCC_PREFIX_HEADER = "CoreDataRel/CoreDataRel-Prefix.pch";
				INFOPLIST_FILE = "CoreDataRel/CoreDataRel-Info.plist";
				PRODUCT_NAME = "$(TARGET_NAME)";
				WRAPPER_EXTENSION = app;
			};
			name = Release;
		};
		B38655F61AE587490024DA2D /* Debug */ = {
			isa = XCBuildConfiguration;
			buildSettings = {
				BUNDLE_LOADER = "$(BUILT_PRODUCTS_DIR)/CoreDataRel.app/CoreDataRel";
				FRAMEWORK_SEARCH_PATHS = (
					"$(SDKROOT)/Developer/Library/Frameworks",
					"$(inherited)",
					"$(DEVELOPER_FRAMEWORKS_DIR)",
				);
				GCC_PRECOMPILE_PREFIX_HEADER = YES;
				GCC_PREFIX_HEADER = "CoreDataRel/CoreDataRel-Prefix.pch";
				GCC_PREPROCESSOR_DEFINITIONS = (
					"DEBUG=1",
					"$(inherited)",
				);
				INFOPLIST_FILE = "CoreDataRelTests/CoreDataRelTests-Info.plist";
				PRODUCT_NAME = "$(TARGET_NAME)";
				TEST_HOST = "$(BUNDLE_LOADER)";
				WRAPPER_EXTENSION = xctest;
			};
			name = Debug;
		};
		B38655F71AE587490024DA2D /* Release */ = {
			isa = XCBuildConfiguration;
			buildSettings = {
				BUNDLE_LOADER = "$(BUILT_PRODUCTS_DIR)/CoreDataRel.app/CoreDataRel";
				FRAMEWORK_SEARCH_PATHS = (
					"$(SDKROOT)/Developer/Library/Frameworks",
					"$(inherited)",
					"$(DEVELOPER_FRAMEWORKS_DIR)",
				);
				GCC_PRECOMPILE_PREFIX_HEADER = YES;
				GCC_PREFIX_HEADER = "CoreDataRel/CoreDataRel-Prefix.pch";
				INFOPLIST_FILE = "CoreDataRelTests/CoreDataRelTests-Info.plist";
				PRODUCT_NAME = "$(TARGET_NAME)";
				TEST_HOST = "$(BUNDLE_LOADER)";
				WRAPPER_EXTENSION = xctest;
			};
			name = Release;
		};
/* End XCBuildConfiguration section */

/* Begin XCConfigurationList section */
		B38655BB1AE587490024DA2D /* Build configuration list for PBXProject "CoreDataRel" */ = {
			isa = XCConfigurationList;
			buildConfigurations = (
				B38655F01AE587490024DA2D /* Debug */,
				B38655F11AE587490024DA2D /* Release */,
			);
			defaultConfigurationIsVisible = 0;
			defaultConfigurationName = Release;
		};
		B38655F21AE587490024DA2D /* Build configuration list for PBXNativeTarget "CoreDataRel" */ = {
			isa = XCConfigurationList;
			buildConfigurations = (
				B38655F31AE587490024DA2D /* Debug */,
				B38655F41AE587490024DA2D /* Release */,
			);
			defaultConfigurationIsVisible = 0;
		};
		B38655F51AE587490024DA2D /* Build configuration list for PBXNativeTarget "CoreDataRelTests" */ = {
			isa = XCConfigurationList;
			buildConfigurations = (
				B38655F61AE587490024DA2D /* Debug */,
				B38655F71AE587490024DA2D /* Release */,
			);
			defaultConfigurationIsVisible = 0;
		};
/* End XCConfigurationList section */

/* Begin XCVersionGroup section */
		B38655F81AE5876B0024DA2D /* Model.xcdatamodeld */ = {
			isa = XCVersionGroup;
			children = (
				B38655F91AE5876B0024DA2D /* Model.xcdatamodel */,
			);
			currentVersion = B38655F91AE5876B0024DA2D /* Model.xcdatamodel */;
			name = Model.xcdatamodeld;
			path = ../Model.xcdatamodeld;
			sourceTree = "<group>";
			versionGroupType = wrapper.xcdatamodel;
		};
/* End XCVersionGroup section */
	};
	rootObject = B38655B81AE587490024DA2D /* Project object */;
}
