// !$*UTF8*$!
{
	archiveVersion = 1;
	classes = {
	};
	objectVersion = 46;
	objects = {

/* Begin PBXBuildFile section */
		B386557A1AE586BE0024DA2D /* Foundation.framework in Frameworks */ = {isa = PBXBuildFile; fileRef = B38655791AE586BE0024DA2D /* Foundation.framework */; };
		B386557C1AE586BE0024DA2D /* CoreGraphics.framework in Frameworks */ = {isa = PBXBuildFile; fileRef = B386557B1AE586BE0024DA2D /* CoreGraphics.framework */; };
		B386557E1AE586BE0024DA2D /* UIKit.framework in Frameworks */ = {isa = PBXBuildFile; fileRef = B386557D1AE586BE0024DA2D /* UIKit.framework */; };
		B38655801AE586BE0024DA2D /* CoreData.framework in Frameworks */ = {isa = PBXBuildFile; fileRef = B386557F1AE586BE0024DA2D /* CoreData.framework */; };
		B38655861AE586BE0024DA2D /* InfoPlist.strings in Resources */ = {isa = PBXBuildFile; fileRef = B38655841AE586BE0024DA2D /* InfoPlist.strings */; };
		B38655881AE586BE0024DA2D /* main.m in Sources */ = {isa = PBXBuildFile; fileRef = B38655871AE586BE0024DA2D /* main.m */; };
		B386558C1AE586BE0024DA2D /* AppDelegate.m in Sources */ = {isa = PBXBuildFile; fileRef = B386558B1AE586BE0024DA2D /* AppDelegate.m */; };
		B386558F1AE586BE0024DA2D /* Main.storyboard in Resources */ = {isa = PBXBuildFile; fileRef = B386558D1AE586BE0024DA2D /* Main.storyboard */; };
		B38655921AE586BE0024DA2D /* CoreDataRelationship.xcdatamodeld in Sources */ = {isa = PBXBuildFile; fileRef = B38655901AE586BE0024DA2D /* CoreDataRelationship.xcdatamodeld */; };
		B38655951AE586BE0024DA2D /* MasterViewController.m in Sources */ = {isa = PBXBuildFile; fileRef = B38655941AE586BE0024DA2D /* MasterViewController.m */; };
		B38655981AE586BE0024DA2D /* DetailViewController.m in Sources */ = {isa = PBXBuildFile; fileRef = B38655971AE586BE0024DA2D /* DetailViewController.m */; };
		B386559A1AE586BE0024DA2D /* Images.xcassets in Resources */ = {isa = PBXBuildFile; fileRef = B38655991AE586BE0024DA2D /* Images.xcassets */; };
		B38655A11AE586BE0024DA2D /* XCTest.framework in Frameworks */ = {isa = PBXBuildFile; fileRef = B38655A01AE586BE0024DA2D /* XCTest.framework */; };
		B38655A21AE586BE0024DA2D /* Foundation.framework in Frameworks */ = {isa = PBXBuildFile; fileRef = B38655791AE586BE0024DA2D /* Foundation.framework */; };
		B38655A31AE586BE0024DA2D /* UIKit.framework in Frameworks */ = {isa = PBXBuildFile; fileRef = B386557D1AE586BE0024DA2D /* UIKit.framework */; };
		B38655A41AE586BE0024DA2D /* CoreData.framework in Frameworks */ = {isa = PBXBuildFile; fileRef = B386557F1AE586BE0024DA2D /* CoreData.framework */; };
		B38655AC1AE586BE0024DA2D /* InfoPlist.strings in Resources */ = {isa = PBXBuildFile; fileRef = B38655AA1AE586BE0024DA2D /* InfoPlist.strings */; };
		B38655AE1AE586BE0024DA2D /* CoreDataRelationshipTests.m in Sources */ = {isa = PBXBuildFile; fileRef = B38655AD1AE586BE0024DA2D /* CoreDataRelationshipTests.m */; };
/* End PBXBuildFile section */

/* Begin PBXContainerItemProxy section */
		B38655A51AE586BE0024DA2D /* PBXContainerItemProxy */ = {
			isa = PBXContainerItemProxy;
			containerPortal = B386556E1AE586BE0024DA2D /* Project object */;
			proxyType = 1;
			remoteGlobalIDString = B38655751AE586BE0024DA2D;
			remoteInfo = CoreDataRelationship;
		};
/* End PBXContainerItemProxy section */

/* Begin PBXFileReference section */
		B38655761AE586BE0024DA2D /* CoreDataRelationship.app */ = {isa = PBXFileReference; explicitFileType = wrapper.application; includeInIndex = 0; path = CoreDataRelationship.app; sourceTree = BUILT_PRODUCTS_DIR; };
		B38655791AE586BE0024DA2D /* Foundation.framework */ = {isa = PBXFileReference; lastKnownFileType = wrapper.framework; name = Foundation.framework; path = System/Library/Frameworks/Foundation.framework; sourceTree = SDKROOT; };
		B386557B1AE586BE0024DA2D /* CoreGraphics.framework */ = {isa = PBXFileReference; lastKnownFileType = wrapper.framework; name = CoreGraphics.framework; path = System/Library/Frameworks/CoreGraphics.framework; sourceTree = SDKROOT; };
		B386557D1AE586BE0024DA2D /* UIKit.framework */ = {isa = PBXFileReference; lastKnownFileType = wrapper.framework; name = UIKit.framework; path = System/Library/Frameworks/UIKit.framework; sourceTree = SDKROOT; };
		B386557F1AE586BE0024DA2D /* CoreData.framework */ = {isa = PBXFileReference; lastKnownFileType = wrapper.framework; name = CoreData.framework; path = System/Library/Frameworks/CoreData.framework; sourceTree = SDKROOT; };
		B38655831AE586BE0024DA2D /* CoreDataRelationship-Info.plist */ = {isa = PBXFileReference; lastKnownFileType = text.plist.xml; path = "CoreDataRelationship-Info.plist"; sourceTree = "<group>"; };
		B38655851AE586BE0024DA2D /* en */ = {isa = PBXFileReference; lastKnownFileType = text.plist.strings; name = en; path = en.lproj/InfoPlist.strings; sourceTree = "<group>"; };
		B38655871AE586BE0024DA2D /* main.m */ = {isa = PBXFileReference; lastKnownFileType = sourcecode.c.objc; path = main.m; sourceTree = "<group>"; };
		B38655891AE586BE0024DA2D /* CoreDataRelationship-Prefix.pch */ = {isa = PBXFileReference; lastKnownFileType = sourcecode.c.h; path = "CoreDataRelationship-Prefix.pch"; sourceTree = "<group>"; };
		B386558A1AE586BE0024DA2D /* AppDelegate.h */ = {isa = PBXFileReference; lastKnownFileType = sourcecode.c.h; path = AppDelegate.h; sourceTree = "<group>"; };
		B386558B1AE586BE0024DA2D /* AppDelegate.m */ = {isa = PBXFileReference; lastKnownFileType = sourcecode.c.objc; path = AppDelegate.m; sourceTree = "<group>"; };
		B386558E1AE586BE0024DA2D /* Base */ = {isa = PBXFileReference; lastKnownFileType = file.storyboard; name = Base; path = Base.lproj/Main.storyboard; sourceTree = "<group>"; };
		B38655911AE586BE0024DA2D /* CoreDataRelationship.xcdatamodel */ = {isa = PBXFileReference; lastKnownFileType = wrapper.xcdatamodel; path = CoreDataRelationship.xcdatamodel; sourceTree = "<group>"; };
		B38655931AE586BE0024DA2D /* MasterViewController.h */ = {isa = PBXFileReference; lastKnownFileType = sourcecode.c.h; path = MasterViewController.h; sourceTree = "<group>"; };
		B38655941AE586BE0024DA2D /* MasterViewController.m */ = {isa = PBXFileReference; lastKnownFileType = sourcecode.c.objc; path = MasterViewController.m; sourceTree = "<group>"; };
		B38655961AE586BE0024DA2D /* DetailViewController.h */ = {isa = PBXFileReference; lastKnownFileType = sourcecode.c.h; path = DetailViewController.h; sourceTree = "<group>"; };
		B38655971AE586BE0024DA2D /* DetailViewController.m */ = {isa = PBXFileReference; lastKnownFileType = sourcecode.c.objc; path = DetailViewController.m; sourceTree = "<group>"; };
		B38655991AE586BE0024DA2D /* Images.xcassets */ = {isa = PBXFileReference; lastKnownFileType = folder.assetcatalog; path = Images.xcassets; sourceTree = "<group>"; };
		B386559F1AE586BE0024DA2D /* CoreDataRelationshipTests.xctest */ = {isa = PBXFileReference; explicitFileType = wrapper.cfbundle; includeInIndex = 0; path = CoreDataRelationshipTests.xctest; sourceTree = BUILT_PRODUCTS_DIR; };
		B38655A01AE586BE0024DA2D /* XCTest.framework */ = {isa = PBXFileReference; lastKnownFileType = wrapper.framework; name = XCTest.framework; path = Library/Frameworks/XCTest.framework; sourceTree = DEVELOPER_DIR; };
		B38655A91AE586BE0024DA2D /* CoreDataRelationshipTests-Info.plist */ = {isa = PBXFileReference; lastKnownFileType = text.plist.xml; path = "CoreDataRelationshipTests-Info.plist"; sourceTree = "<group>"; };
		B38655AB1AE586BE0024DA2D /* en */ = {isa = PBXFileReference; lastKnownFileType = text.plist.strings; name = en; path = en.lproj/InfoPlist.strings; sourceTree = "<group>"; };
		B38655AD1AE586BE0024DA2D /* CoreDataRelationshipTests.m */ = {isa = PBXFileReference; lastKnownFileType = sourcecode.c.objc; path = CoreDataRelationshipTests.m; sourceTree = "<group>"; };
/* End PBXFileReference section */

/* Begin PBXFrameworksBuildPhase section */
		B38655731AE586BE0024DA2D /* Frameworks */ = {
			isa = PBXFrameworksBuildPhase;
			buildActionMask = 2147483647;
			files = (
				B386557C1AE586BE0024DA2D /* CoreGraphics.framework in Frameworks */,
				B38655801AE586BE0024DA2D /* CoreData.framework in Frameworks */,
				B386557E1AE586BE0024DA2D /* UIKit.framework in Frameworks */,
				B386557A1AE586BE0024DA2D /* Foundation.framework in Frameworks */,
			);
			runOnlyForDeploymentPostprocessing = 0;
		};
		B386559C1AE586BE0024DA2D /* Frameworks */ = {
			isa = PBXFrameworksBuildPhase;
			buildActionMask = 2147483647;
			files = (
				B38655A11AE586BE0024DA2D /* XCTest.framework in Frameworks */,
				B38655A41AE586BE0024DA2D /* CoreData.framework in Frameworks */,
				B38655A31AE586BE0024DA2D /* UIKit.framework in Frameworks */,
				B38655A21AE586BE0024DA2D /* Foundation.framework in Frameworks */,
			);
			runOnlyForDeploymentPostprocessing = 0;
		};
/* End PBXFrameworksBuildPhase section */

/* Begin PBXGroup section */
		B386556D1AE586BE0024DA2D = {
			isa = PBXGroup;
			children = (
				B38655811AE586BE0024DA2D /* CoreDataRelationship */,
				B38655A71AE586BE0024DA2D /* CoreDataRelationshipTests */,
				B38655781AE586BE0024DA2D /* Frameworks */,
				B38655771AE586BE0024DA2D /* Products */,
			);
			sourceTree = "<group>";
		};
		B38655771AE586BE0024DA2D /* Products */ = {
			isa = PBXGroup;
			children = (
				B38655761AE586BE0024DA2D /* CoreDataRelationship.app */,
				B386559F1AE586BE0024DA2D /* CoreDataRelationshipTests.xctest */,
			);
			name = Products;
			sourceTree = "<group>";
		};
		B38655781AE586BE0024DA2D /* Frameworks */ = {
			isa = PBXGroup;
			children = (
				B38655791AE586BE0024DA2D /* Foundation.framework */,
				B386557B1AE586BE0024DA2D /* CoreGraphics.framework */,
				B386557D1AE586BE0024DA2D /* UIKit.framework */,
				B386557F1AE586BE0024DA2D /* CoreData.framework */,
				B38655A01AE586BE0024DA2D /* XCTest.framework */,
			);
			name = Frameworks;
			sourceTree = "<group>";
		};
		B38655811AE586BE0024DA2D /* CoreDataRelationship */ = {
			isa = PBXGroup;
			children = (
				B386558A1AE586BE0024DA2D /* AppDelegate.h */,
				B386558B1AE586BE0024DA2D /* AppDelegate.m */,
				B386558D1AE586BE0024DA2D /* Main.storyboard */,
				B38655931AE586BE0024DA2D /* MasterViewController.h */,
				B38655941AE586BE0024DA2D /* MasterViewController.m */,
				B38655961AE586BE0024DA2D /* DetailViewController.h */,
				B38655971AE586BE0024DA2D /* DetailViewController.m */,
				B38655991AE586BE0024DA2D /* Images.xcassets */,
				B38655901AE586BE0024DA2D /* CoreDataRelationship.xcdatamodeld */,
				B38655821AE586BE0024DA2D /* Supporting Files */,
			);
			path = CoreDataRelationship;
			sourceTree = "<group>";
		};
		B38655821AE586BE0024DA2D /* Supporting Files */ = {
			isa = PBXGroup;
			children = (
				B38655831AE586BE0024DA2D /* CoreDataRelationship-Info.plist */,
				B38655841AE586BE0024DA2D /* InfoPlist.strings */,
				B38655871AE586BE0024DA2D /* main.m */,
				B38655891AE586BE0024DA2D /* CoreDataRelationship-Prefix.pch */,
			);
			name = "Supporting Files";
			sourceTree = "<group>";
		};
		B38655A71AE586BE0024DA2D /* CoreDataRelationshipTests */ = {
			isa = PBXGroup;
			children = (
				B38655AD1AE586BE0024DA2D /* CoreDataRelationshipTests.m */,
				B38655A81AE586BE0024DA2D /* Supporting Files */,
			);
			path = CoreDataRelationshipTests;
			sourceTree = "<group>";
		};
		B38655A81AE586BE0024DA2D /* Supporting Files */ = {
			isa = PBXGroup;
			children = (
				B38655A91AE586BE0024DA2D /* CoreDataRelationshipTests-Info.plist */,
				B38655AA1AE586BE0024DA2D /* InfoPlist.strings */,
			);
			name = "Supporting Files";
			sourceTree = "<group>";
		};
/* End PBXGroup section */

/* Begin PBXNativeTarget section */
		B38655751AE586BE0024DA2D /* CoreDataRelationship */ = {
			isa = PBXNativeTarget;
			buildConfigurationList = B38655B11AE586BE0024DA2D /* Build configuration list for PBXNativeTarget "CoreDataRelationship" */;
			buildPhases = (
				B38655721AE586BE0024DA2D /* Sources */,
				B38655731AE586BE0024DA2D /* Frameworks */,
				B38655741AE586BE0024DA2D /* Resources */,
			);
			buildRules = (
			);
			dependencies = (
			);
			name = CoreDataRelationship;
			productName = CoreDataRelationship;
			productReference = B38655761AE586BE0024DA2D /* CoreDataRelationship.app */;
			productType = "com.apple.product-type.application";
		};
		B386559E1AE586BE0024DA2D /* CoreDataRelationshipTests */ = {
			isa = PBXNativeTarget;
			buildConfigurationList = B38655B41AE586BE0024DA2D /* Build configuration list for PBXNativeTarget "CoreDataRelationshipTests" */;
			buildPhases = (
				B386559B1AE586BE0024DA2D /* Sources */,
				B386559C1AE586BE0024DA2D /* Frameworks */,
				B386559D1AE586BE0024DA2D /* Resources */,
			);
			buildRules = (
			);
			dependencies = (
				B38655A61AE586BE0024DA2D /* PBXTargetDependency */,
			);
			name = CoreDataRelationshipTests;
			productName = CoreDataRelationshipTests;
			productReference = B386559F1AE586BE0024DA2D /* CoreDataRelationshipTests.xctest */;
			productType = "com.apple.product-type.bundle.unit-test";
		};
/* End PBXNativeTarget section */

/* Begin PBXProject section */
		B386556E1AE586BE0024DA2D /* Project object */ = {
			isa = PBXProject;
			attributes = {
				LastUpgradeCheck = 0510;
				ORGANIZATIONNAME = AO;
				TargetAttributes = {
					B386559E1AE586BE0024DA2D = {
						TestTargetID = B38655751AE586BE0024DA2D;
					};
				};
			};
			buildConfigurationList = B38655711AE586BE0024DA2D /* Build configuration list for PBXProject "CoreDataRelationship" */;
			compatibilityVersion = "Xcode 3.2";
			developmentRegion = English;
			hasScannedForEncodings = 0;
			knownRegions = (
				en,
				Base,
			);
			mainGroup = B386556D1AE586BE0024DA2D;
			productRefGroup = B38655771AE586BE0024DA2D /* Products */;
			projectDirPath = "";
			projectRoot = "";
			targets = (
				B38655751AE586BE0024DA2D /* CoreDataRelationship */,
				B386559E1AE586BE0024DA2D /* CoreDataRelationshipTests */,
			);
		};
/* End PBXProject section */

/* Begin PBXResourcesBuildPhase section */
		B38655741AE586BE0024DA2D /* Resources */ = {
			isa = PBXResourcesBuildPhase;
			buildActionMask = 2147483647;
			files = (
				B386559A1AE586BE0024DA2D /* Images.xcassets in Resources */,
				B38655861AE586BE0024DA2D /* InfoPlist.strings in Resources */,
				B386558F1AE586BE0024DA2D /* Main.storyboard in Resources */,
			);
			runOnlyForDeploymentPostprocessing = 0;
		};
		B386559D1AE586BE0024DA2D /* Resources */ = {
			isa = PBXResourcesBuildPhase;
			buildActionMask = 2147483647;
			files = (
				B38655AC1AE586BE0024DA2D /* InfoPlist.strings in Resources */,
			);
			runOnlyForDeploymentPostprocessing = 0;
		};
/* End PBXResourcesBuildPhase section */

/* Begin PBXSourcesBuildPhase section */
		B38655721AE586BE0024DA2D /* Sources */ = {
			isa = PBXSourcesBuildPhase;
			buildActionMask = 2147483647;
			files = (
				B38655981AE586BE0024DA2D /* DetailViewController.m in Sources */,
				B38655951AE586BE0024DA2D /* MasterViewController.m in Sources */,
				B386558C1AE586BE0024DA2D /* AppDelegate.m in Sources */,
				B38655881AE586BE0024DA2D /* main.m in Sources */,
				B38655921AE586BE0024DA2D /* CoreDataRelationship.xcdatamodeld in Sources */,
			);
			runOnlyForDeploymentPostprocessing = 0;
		};
		B386559B1AE586BE0024DA2D /* Sources */ = {
			isa = PBXSourcesBuildPhase;
			buildActionMask = 2147483647;
			files = (
				B38655AE1AE586BE0024DA2D /* CoreDataRelationshipTests.m in Sources */,
			);
			runOnlyForDeploymentPostprocessing = 0;
		};
/* End PBXSourcesBuildPhase section */

/* Begin PBXTargetDependency section */
		B38655A61AE586BE0024DA2D /* PBXTargetDependency */ = {
			isa = PBXTargetDependency;
			target = B38655751AE586BE0024DA2D /* CoreDataRelationship */;
			targetProxy = B38655A51AE586BE0024DA2D /* PBXContainerItemProxy */;
		};
/* End PBXTargetDependency section */

/* Begin PBXVariantGroup section */
		B38655841AE586BE0024DA2D /* InfoPlist.strings */ = {
			isa = PBXVariantGroup;
			children = (
				B38655851AE586BE0024DA2D /* en */,
			);
			name = InfoPlist.strings;
			sourceTree = "<group>";
		};
		B386558D1AE586BE0024DA2D /* Main.storyboard */ = {
			isa = PBXVariantGroup;
			children = (
				B386558E1AE586BE0024DA2D /* Base */,
			);
			name = Main.storyboard;
			sourceTree = "<group>";
		};
		B38655AA1AE586BE0024DA2D /* InfoPlist.strings */ = {
			isa = PBXVariantGroup;
			children = (
				B38655AB1AE586BE0024DA2D /* en */,
			);
			name = InfoPlist.strings;
			sourceTree = "<group>";
		};
/* End PBXVariantGroup section */

/* Begin XCBuildConfiguration section */
		B38655AF1AE586BE0024DA2D /* Debug */ = {
			isa = XCBuildConfiguration;
			buildSettings = {
				ALWAYS_SEARCH_USER_PATHS = NO;
				CLANG_CXX_LANGUAGE_STANDARD = "gnu++0x";
				CLANG_CXX_LIBRARY = "libc++";
				CLANG_ENABLE_MODULES = YES;
				CLANG_ENABLE_OBJC_ARC = YES;
				CLANG_WARN_BOOL_CONVERSION = YES;
				CLANG_WARN_CONSTANT_CONVERSION = YES;
				CLANG_WARN_DIRECT_OBJC_ISA_USAGE = YES_ERROR;
				CLANG_WARN_EMPTY_BODY = YES;
				CLANG_WARN_ENUM_CONVERSION = YES;
				CLANG_WARN_INT_CONVERSION = YES;
				CLANG_WARN_OBJC_ROOT_CLASS = YES_ERROR;
				CLANG_WARN__DUPLICATE_METHOD_MATCH = YES;
				"CODE_SIGN_IDENTITY[sdk=iphoneos*]" = "iPhone Developer";
				COPY_PHASE_STRIP = NO;
				GCC_C_LANGUAGE_STANDARD = gnu99;
				GCC_DYNAMIC_NO_PIC = NO;
				GCC_OPTIMIZATION_LEVEL = 0;
				GCC_PREPROCESSOR_DEFINITIONS = (
					"DEBUG=1",
					"$(inherited)",
				);
				GCC_SYMBOLS_PRIVATE_EXTERN = NO;
				GCC_WARN_64_TO_32_BIT_CONVERSION = YES;
				GCC_WARN_ABOUT_RETURN_TYPE = YES_ERROR;
				GCC_WARN_UNDECLARED_SELECTOR = YES;
				GCC_WARN_UNINITIALIZED_AUTOS = YES_AGGRESSIVE;
				GCC_WARN_UNUSED_FUNCTION = YES;
				GCC_WARN_UNUSED_VARIABLE = YES;
				IPHONEOS_DEPLOYMENT_TARGET = 7.1;
				ONLY_ACTIVE_ARCH = YES;
				SDKROOT = iphoneos;
			};
			name = Debug;
		};
		B38655B01AE586BE0024DA2D /* Release */ = {
			isa = XCBuildConfiguration;
			buildSettings = {
				ALWAYS_SEARCH_USER_PATHS = NO;
				CLANG_CXX_LANGUAGE_STANDARD = "gnu++0x";
				CLANG_CXX_LIBRARY = "libc++";
				CLANG_ENABLE_MODULES = YES;
				CLANG_ENABLE_OBJC_ARC = YES;
				CLANG_WARN_BOOL_CONVERSION = YES;
				CLANG_WARN_CONSTANT_CONVERSION = YES;
				CLANG_WARN_DIRECT_OBJC_ISA_USAGE = YES_ERROR;
				CLANG_WARN_EMPTY_BODY = YES;
				CLANG_WARN_ENUM_CONVERSION = YES;
				CLANG_WARN_INT_CONVERSION = YES;
				CLANG_WARN_OBJC_ROOT_CLASS = YES_ERROR;
				CLANG_WARN__DUPLICATE_METHOD_MATCH = YES;
				"CODE_SIGN_IDENTITY[sdk=iphoneos*]" = "iPhone Developer";
				COPY_PHASE_STRIP = YES;
				ENABLE_NS_ASSERTIONS = NO;
				GCC_C_LANGUAGE_STANDARD = gnu99;
				GCC_WARN_64_TO_32_BIT_CONVERSION = YES;
				GCC_WARN_ABOUT_RETURN_TYPE = YES_ERROR;
				GCC_WARN_UNDECLARED_SELECTOR = YES;
				GCC_WARN_UNINITIALIZED_AUTOS = YES_AGGRESSIVE;
				GCC_WARN_UNUSED_FUNCTION = YES;
				GCC_WARN_UNUSED_VARIABLE = YES;
				IPHONEOS_DEPLOYMENT_TARGET = 7.1;
				SDKROOT = iphoneos;
				VALIDATE_PRODUCT = YES;
			};
			name = Release;
		};
		B38655B21AE586BE0024DA2D /* Debug */ = {
			isa = XCBuildConfiguration;
			buildSettings = {
				ASSETCATALOG_COMPILER_APPICON_NAME = AppIcon;
				ASSETCATALOG_COMPILER_LAUNCHIMAGE_NAME = LaunchImage;
				GCC_PRECOMPILE_PREFIX_HEADER = YES;
				GCC_PREFIX_HEADER = "CoreDataRelationship/CoreDataRelationship-Prefix.pch";
				INFOPLIST_FILE = "CoreDataRelationship/CoreDataRelationship-Info.plist";
				PRODUCT_NAME = "$(TARGET_NAME)";
				WRAPPER_EXTENSION = app;
			};
			name = Debug;
		};
		B38655B31AE586BE0024DA2D /* Release */ = {
			isa = XCBuildConfiguration;
			buildSettings = {
				ASSETCATALOG_COMPILER_APPICON_NAME = AppIcon;
				ASSETCATALOG_COMPILER_LAUNCHIMAGE_NAME = LaunchImage;
				GCC_PRECOMPILE_PREFIX_HEADER = YES;
				GCC_PREFIX_HEADER = "CoreDataRelationship/CoreDataRelationship-Prefix.pch";
				INFOPLIST_FILE = "CoreDataRelationship/CoreDataRelationship-Info.plist";
				PRODUCT_NAME = "$(TARGET_NAME)";
				WRAPPER_EXTENSION = app;
			};
			name = Release;
		};
		B38655B51AE586BE0024DA2D /* Debug */ = {
			isa = XCBuildConfiguration;
			buildSettings = {
				BUNDLE_LOADER = "$(BUILT_PRODUCTS_DIR)/CoreDataRelationship.app/CoreDataRelationship";
				FRAMEWORK_SEARCH_PATHS = (
					"$(SDKROOT)/Developer/Library/Frameworks",
					"$(inherited)",
					"$(DEVELOPER_FRAMEWORKS_DIR)",
				);
				GCC_PRECOMPILE_PREFIX_HEADER = YES;
				GCC_PREFIX_HEADER = "CoreDataRelationship/CoreDataRelationship-Prefix.pch";
				GCC_PREPROCESSOR_DEFINITIONS = (
					"DEBUG=1",
					"$(inherited)",
				);
				INFOPLIST_FILE = "CoreDataRelationshipTests/CoreDataRelationshipTests-Info.plist";
				PRODUCT_NAME = "$(TARGET_NAME)";
				TEST_HOST = "$(BUNDLE_LOADER)";
				WRAPPER_EXTENSION = xctest;
			};
			name = Debug;
		};
		B38655B61AE586BE0024DA2D /* Release */ = {
			isa = XCBuildConfiguration;
			buildSettings = {
				BUNDLE_LOADER = "$(BUILT_PRODUCTS_DIR)/CoreDataRelationship.app/CoreDataRelationship";
				FRAMEWORK_SEARCH_PATHS = (
					"$(SDKROOT)/Developer/Library/Frameworks",
					"$(inherited)",
					"$(DEVELOPER_FRAMEWORKS_DIR)",
				);
				GCC_PRECOMPILE_PREFIX_HEADER = YES;
				GCC_PREFIX_HEADER = "CoreDataRelationship/CoreDataRelationship-Prefix.pch";
				INFOPLIST_FILE = "CoreDataRelationshipTests/CoreDataRelationshipTests-Info.plist";
				PRODUCT_NAME = "$(TARGET_NAME)";
				TEST_HOST = "$(BUNDLE_LOADER)";
				WRAPPER_EXTENSION = xctest;
			};
			name = Release;
		};
/* End XCBuildConfiguration section */

/* Begin XCConfigurationList section */
		B38655711AE586BE0024DA2D /* Build configuration list for PBXProject "CoreDataRelationship" */ = {
			isa = XCConfigurationList;
			buildConfigurations = (
				B38655AF1AE586BE0024DA2D /* Debug */,
				B38655B01AE586BE0024DA2D /* Release */,
			);
			defaultConfigurationIsVisible = 0;
			defaultConfigurationName = Release;
		};
		B38655B11AE586BE0024DA2D /* Build configuration list for PBXNativeTarget "CoreDataRelationship" */ = {
			isa = XCConfigurationList;
			buildConfigurations = (
				B38655B21AE586BE0024DA2D /* Debug */,
				B38655B31AE586BE0024DA2D /* Release */,
			);
			defaultConfigurationIsVisible = 0;
		};
		B38655B41AE586BE0024DA2D /* Build configuration list for PBXNativeTarget "CoreDataRelationshipTests" */ = {
			isa = XCConfigurationList;
			buildConfigurations = (
				B38655B51AE586BE0024DA2D /* Debug */,
				B38655B61AE586BE0024DA2D /* Release */,
			);
			defaultConfigurationIsVisible = 0;
		};
/* End XCConfigurationList section */

/* Begin XCVersionGroup section */
		B38655901AE586BE0024DA2D /* CoreDataRelationship.xcdatamodeld */ = {
			isa = XCVersionGroup;
			children = (
				B38655911AE586BE0024DA2D /* CoreDataRelationship.xcdatamodel */,
			);
			currentVersion = B38655911AE586BE0024DA2D /* CoreDataRelationship.xcdatamodel */;
			path = CoreDataRelationship.xcdatamodeld;
			sourceTree = "<group>";
			versionGroupType = wrapper.xcdatamodel;
		};
/* End XCVersionGroup section */
	};
	rootObject = B386556E1AE586BE0024DA2D /* Project object */;
}
