// !$*UTF8*$!
{
	archiveVersion = 1;
	classes = {
	};
	objectVersion = 46;
	objects = {

/* Begin PBXBuildFile section */
		B39717AD1ADC49E6004DE3F1 /* Foundation.framework in Frameworks */ = {isa = PBXBuildFile; fileRef = B39717AC1ADC49E6004DE3F1 /* Foundation.framework */; };
		B39717AF1ADC49E6004DE3F1 /* CoreGraphics.framework in Frameworks */ = {isa = PBXBuildFile; fileRef = B39717AE1ADC49E6004DE3F1 /* CoreGraphics.framework */; };
		B39717B11ADC49E6004DE3F1 /* UIKit.framework in Frameworks */ = {isa = PBXBuildFile; fileRef = B39717B01ADC49E6004DE3F1 /* UIKit.framework */; };
		B39717B71ADC49E6004DE3F1 /* InfoPlist.strings in Resources */ = {isa = PBXBuildFile; fileRef = B39717B51ADC49E6004DE3F1 /* InfoPlist.strings */; };
		B39717B91ADC49E6004DE3F1 /* main.m in Sources */ = {isa = PBXBuildFile; fileRef = B39717B81ADC49E6004DE3F1 /* main.m */; };
		B39717BD1ADC49E6004DE3F1 /* AppDelegate.m in Sources */ = {isa = PBXBuildFile; fileRef = B39717BC1ADC49E6004DE3F1 /* AppDelegate.m */; };
		B39717C01ADC49E6004DE3F1 /* Main.storyboard in Resources */ = {isa = PBXBuildFile; fileRef = B39717BE1ADC49E6004DE3F1 /* Main.storyboard */; };
		B39717C31ADC49E6004DE3F1 /* ViewController.m in Sources */ = {isa = PBXBuildFile; fileRef = B39717C21ADC49E6004DE3F1 /* ViewController.m */; };
		B39717C51ADC49E6004DE3F1 /* Images.xcassets in Resources */ = {isa = PBXBuildFile; fileRef = B39717C41ADC49E6004DE3F1 /* Images.xcassets */; };
		B39717CC1ADC49E6004DE3F1 /* XCTest.framework in Frameworks */ = {isa = PBXBuildFile; fileRef = B39717CB1ADC49E6004DE3F1 /* XCTest.framework */; };
		B39717CD1ADC49E6004DE3F1 /* Foundation.framework in Frameworks */ = {isa = PBXBuildFile; fileRef = B39717AC1ADC49E6004DE3F1 /* Foundation.framework */; };
		B39717CE1ADC49E6004DE3F1 /* UIKit.framework in Frameworks */ = {isa = PBXBuildFile; fileRef = B39717B01ADC49E6004DE3F1 /* UIKit.framework */; };
		B39717D61ADC49E6004DE3F1 /* InfoPlist.strings in Resources */ = {isa = PBXBuildFile; fileRef = B39717D41ADC49E6004DE3F1 /* InfoPlist.strings */; };
		B39717D81ADC49E6004DE3F1 /* AutoLayoutTests.m in Sources */ = {isa = PBXBuildFile; fileRef = B39717D71ADC49E6004DE3F1 /* AutoLayoutTests.m */; };
		B39717E31ADC51E4004DE3F1 /* MyLayout.m in Sources */ = {isa = PBXBuildFile; fileRef = B39717E21ADC51E4004DE3F1 /* MyLayout.m */; };
/* End PBXBuildFile section */

/* Begin PBXContainerItemProxy section */
		B39717CF1ADC49E6004DE3F1 /* PBXContainerItemProxy */ = {
			isa = PBXContainerItemProxy;
			containerPortal = B39717A11ADC49E6004DE3F1 /* Project object */;
			proxyType = 1;
			remoteGlobalIDString = B39717A81ADC49E6004DE3F1;
			remoteInfo = AutoLayout;
		};
/* End PBXContainerItemProxy section */

/* Begin PBXFileReference section */
		B39717A91ADC49E6004DE3F1 /* AutoLayout.app */ = {isa = PBXFileReference; explicitFileType = wrapper.application; includeInIndex = 0; path = AutoLayout.app; sourceTree = BUILT_PRODUCTS_DIR; };
		B39717AC1ADC49E6004DE3F1 /* Foundation.framework */ = {isa = PBXFileReference; lastKnownFileType = wrapper.framework; name = Foundation.framework; path = System/Library/Frameworks/Foundation.framework; sourceTree = SDKROOT; };
		B39717AE1ADC49E6004DE3F1 /* CoreGraphics.framework */ = {isa = PBXFileReference; lastKnownFileType = wrapper.framework; name = CoreGraphics.framework; path = System/Library/Frameworks/CoreGraphics.framework; sourceTree = SDKROOT; };
		B39717B01ADC49E6004DE3F1 /* UIKit.framework */ = {isa = PBXFileReference; lastKnownFileType = wrapper.framework; name = UIKit.framework; path = System/Library/Frameworks/UIKit.framework; sourceTree = SDKROOT; };
		B39717B41ADC49E6004DE3F1 /* AutoLayout-Info.plist */ = {isa = PBXFileReference; lastKnownFileType = text.plist.xml; path = "AutoLayout-Info.plist"; sourceTree = "<group>"; };
		B39717B61ADC49E6004DE3F1 /* en */ = {isa = PBXFileReference; lastKnownFileType = text.plist.strings; name = en; path = en.lproj/InfoPlist.strings; sourceTree = "<group>"; };
		B39717B81ADC49E6004DE3F1 /* main.m */ = {isa = PBXFileReference; lastKnownFileType = sourcecode.c.objc; path = main.m; sourceTree = "<group>"; };
		B39717BA1ADC49E6004DE3F1 /* AutoLayout-Prefix.pch */ = {isa = PBXFileReference; lastKnownFileType = sourcecode.c.h; path = "AutoLayout-Prefix.pch"; sourceTree = "<group>"; };
		B39717BB1ADC49E6004DE3F1 /* AppDelegate.h */ = {isa = PBXFileReference; lastKnownFileType = sourcecode.c.h; path = AppDelegate.h; sourceTree = "<group>"; };
		B39717BC1ADC49E6004DE3F1 /* AppDelegate.m */ = {isa = PBXFileReference; lastKnownFileType = sourcecode.c.objc; path = AppDelegate.m; sourceTree = "<group>"; };
		B39717BF1ADC49E6004DE3F1 /* Base */ = {isa = PBXFileReference; lastKnownFileType = file.storyboard; name = Base; path = Base.lproj/Main.storyboard; sourceTree = "<group>"; };
		B39717C11ADC49E6004DE3F1 /* ViewController.h */ = {isa = PBXFileReference; lastKnownFileType = sourcecode.c.h; path = ViewController.h; sourceTree = "<group>"; };
		B39717C21ADC49E6004DE3F1 /* ViewController.m */ = {isa = PBXFileReference; lastKnownFileType = sourcecode.c.objc; path = ViewController.m; sourceTree = "<group>"; };
		B39717C41ADC49E6004DE3F1 /* Images.xcassets */ = {isa = PBXFileReference; lastKnownFileType = folder.assetcatalog; path = Images.xcassets; sourceTree = "<group>"; };
		B39717CA1ADC49E6004DE3F1 /* AutoLayoutTests.xctest */ = {isa = PBXFileReference; explicitFileType = wrapper.cfbundle; includeInIndex = 0; path = AutoLayoutTests.xctest; sourceTree = BUILT_PRODUCTS_DIR; };
		B39717CB1ADC49E6004DE3F1 /* XCTest.framework */ = {isa = PBXFileReference; lastKnownFileType = wrapper.framework; name = XCTest.framework; path = Library/Frameworks/XCTest.framework; sourceTree = DEVELOPER_DIR; };
		B39717D31ADC49E6004DE3F1 /* AutoLayoutTests-Info.plist */ = {isa = PBXFileReference; lastKnownFileType = text.plist.xml; path = "AutoLayoutTests-Info.plist"; sourceTree = "<group>"; };
		B39717D51ADC49E6004DE3F1 /* en */ = {isa = PBXFileReference; lastKnownFileType = text.plist.strings; name = en; path = en.lproj/InfoPlist.strings; sourceTree = "<group>"; };
		B39717D71ADC49E6004DE3F1 /* AutoLayoutTests.m */ = {isa = PBXFileReference; lastKnownFileType = sourcecode.c.objc; path = AutoLayoutTests.m; sourceTree = "<group>"; };
		B39717E11ADC51E4004DE3F1 /* MyLayout.h */ = {isa = PBXFileReference; fileEncoding = 4; lastKnownFileType = sourcecode.c.h; path = MyLayout.h; sourceTree = "<group>"; };
		B39717E21ADC51E4004DE3F1 /* MyLayout.m */ = {isa = PBXFileReference; fileEncoding = 4; lastKnownFileType = sourcecode.c.objc; path = MyLayout.m; sourceTree = "<group>"; };
/* End PBXFileReference section */

/* Begin PBXFrameworksBuildPhase section */
		B39717A61ADC49E6004DE3F1 /* Frameworks */ = {
			isa = PBXFrameworksBuildPhase;
			buildActionMask = 2147483647;
			files = (
				B39717AF1ADC49E6004DE3F1 /* CoreGraphics.framework in Frameworks */,
				B39717B11ADC49E6004DE3F1 /* UIKit.framework in Frameworks */,
				B39717AD1ADC49E6004DE3F1 /* Foundation.framework in Frameworks */,
			);
			runOnlyForDeploymentPostprocessing = 0;
		};
		B39717C71ADC49E6004DE3F1 /* Frameworks */ = {
			isa = PBXFrameworksBuildPhase;
			buildActionMask = 2147483647;
			files = (
				B39717CC1ADC49E6004DE3F1 /* XCTest.framework in Frameworks */,
				B39717CE1ADC49E6004DE3F1 /* UIKit.framework in Frameworks */,
				B39717CD1ADC49E6004DE3F1 /* Foundation.framework in Frameworks */,
			);
			runOnlyForDeploymentPostprocessing = 0;
		};
/* End PBXFrameworksBuildPhase section */

/* Begin PBXGroup section */
		B39717A01ADC49E6004DE3F1 = {
			isa = PBXGroup;
			children = (
				B39717B21ADC49E6004DE3F1 /* AutoLayout */,
				B39717D11ADC49E6004DE3F1 /* AutoLayoutTests */,
				B39717AB1ADC49E6004DE3F1 /* Frameworks */,
				B39717AA1ADC49E6004DE3F1 /* Products */,
			);
			sourceTree = "<group>";
		};
		B39717AA1ADC49E6004DE3F1 /* Products */ = {
			isa = PBXGroup;
			children = (
				B39717A91ADC49E6004DE3F1 /* AutoLayout.app */,
				B39717CA1ADC49E6004DE3F1 /* AutoLayoutTests.xctest */,
			);
			name = Products;
			sourceTree = "<group>";
		};
		B39717AB1ADC49E6004DE3F1 /* Frameworks */ = {
			isa = PBXGroup;
			children = (
				B39717AC1ADC49E6004DE3F1 /* Foundation.framework */,
				B39717AE1ADC49E6004DE3F1 /* CoreGraphics.framework */,
				B39717B01ADC49E6004DE3F1 /* UIKit.framework */,
				B39717CB1ADC49E6004DE3F1 /* XCTest.framework */,
			);
			name = Frameworks;
			sourceTree = "<group>";
		};
		B39717B21ADC49E6004DE3F1 /* AutoLayout */ = {
			isa = PBXGroup;
			children = (
				B39717BB1ADC49E6004DE3F1 /* AppDelegate.h */,
				B39717BC1ADC49E6004DE3F1 /* AppDelegate.m */,
				B39717BE1ADC49E6004DE3F1 /* Main.storyboard */,
				B39717C11ADC49E6004DE3F1 /* ViewController.h */,
				B39717C21ADC49E6004DE3F1 /* ViewController.m */,
				B39717E11ADC51E4004DE3F1 /* MyLayout.h */,
				B39717E21ADC51E4004DE3F1 /* MyLayout.m */,
				B39717C41ADC49E6004DE3F1 /* Images.xcassets */,
				B39717B31ADC49E6004DE3F1 /* Supporting Files */,
			);
			path = AutoLayout;
			sourceTree = "<group>";
		};
		B39717B31ADC49E6004DE3F1 /* Supporting Files */ = {
			isa = PBXGroup;
			children = (
				B39717B41ADC49E6004DE3F1 /* AutoLayout-Info.plist */,
				B39717B51ADC49E6004DE3F1 /* InfoPlist.strings */,
				B39717B81ADC49E6004DE3F1 /* main.m */,
				B39717BA1ADC49E6004DE3F1 /* AutoLayout-Prefix.pch */,
			);
			name = "Supporting Files";
			sourceTree = "<group>";
		};
		B39717D11ADC49E6004DE3F1 /* AutoLayoutTests */ = {
			isa = PBXGroup;
			children = (
				B39717D71ADC49E6004DE3F1 /* AutoLayoutTests.m */,
				B39717D21ADC49E6004DE3F1 /* Supporting Files */,
			);
			path = AutoLayoutTests;
			sourceTree = "<group>";
		};
		B39717D21ADC49E6004DE3F1 /* Supporting Files */ = {
			isa = PBXGroup;
			children = (
				B39717D31ADC49E6004DE3F1 /* AutoLayoutTests-Info.plist */,
				B39717D41ADC49E6004DE3F1 /* InfoPlist.strings */,
			);
			name = "Supporting Files";
			sourceTree = "<group>";
		};
/* End PBXGroup section */

/* Begin PBXNativeTarget section */
		B39717A81ADC49E6004DE3F1 /* AutoLayout */ = {
			isa = PBXNativeTarget;
			buildConfigurationList = B39717DB1ADC49E6004DE3F1 /* Build configuration list for PBXNativeTarget "AutoLayout" */;
			buildPhases = (
				B39717A51ADC49E6004DE3F1 /* Sources */,
				B39717A61ADC49E6004DE3F1 /* Frameworks */,
				B39717A71ADC49E6004DE3F1 /* Resources */,
			);
			buildRules = (
			);
			dependencies = (
			);
			name = AutoLayout;
			productName = AutoLayout;
			productReference = B39717A91ADC49E6004DE3F1 /* AutoLayout.app */;
			productType = "com.apple.product-type.application";
		};
		B39717C91ADC49E6004DE3F1 /* AutoLayoutTests */ = {
			isa = PBXNativeTarget;
			buildConfigurationList = B39717DE1ADC49E6004DE3F1 /* Build configuration list for PBXNativeTarget "AutoLayoutTests" */;
			buildPhases = (
				B39717C61ADC49E6004DE3F1 /* Sources */,
				B39717C71ADC49E6004DE3F1 /* Frameworks */,
				B39717C81ADC49E6004DE3F1 /* Resources */,
			);
			buildRules = (
			);
			dependencies = (
				B39717D01ADC49E6004DE3F1 /* PBXTargetDependency */,
			);
			name = AutoLayoutTests;
			productName = AutoLayoutTests;
			productReference = B39717CA1ADC49E6004DE3F1 /* AutoLayoutTests.xctest */;
			productType = "com.apple.product-type.bundle.unit-test";
		};
/* End PBXNativeTarget section */

/* Begin PBXProject section */
		B39717A11ADC49E6004DE3F1 /* Project object */ = {
			isa = PBXProject;
			attributes = {
				LastUpgradeCheck = 0510;
				TargetAttributes = {
					B39717C91ADC49E6004DE3F1 = {
						TestTargetID = B39717A81ADC49E6004DE3F1;
					};
				};
			};
			buildConfigurationList = B39717A41ADC49E6004DE3F1 /* Build configuration list for PBXProject "AutoLayout" */;
			compatibilityVersion = "Xcode 3.2";
			developmentRegion = English;
			hasScannedForEncodings = 0;
			knownRegions = (
				en,
				Base,
			);
			mainGroup = B39717A01ADC49E6004DE3F1;
			productRefGroup = B39717AA1ADC49E6004DE3F1 /* Products */;
			projectDirPath = "";
			projectRoot = "";
			targets = (
				B39717A81ADC49E6004DE3F1 /* AutoLayout */,
				B39717C91ADC49E6004DE3F1 /* AutoLayoutTests */,
			);
		};
/* End PBXProject section */

/* Begin PBXResourcesBuildPhase section */
		B39717A71ADC49E6004DE3F1 /* Resources */ = {
			isa = PBXResourcesBuildPhase;
			buildActionMask = 2147483647;
			files = (
				B39717C51ADC49E6004DE3F1 /* Images.xcassets in Resources */,
				B39717B71ADC49E6004DE3F1 /* InfoPlist.strings in Resources */,
				B39717C01ADC49E6004DE3F1 /* Main.storyboard in Resources */,
			);
			runOnlyForDeploymentPostprocessing = 0;
		};
		B39717C81ADC49E6004DE3F1 /* Resources */ = {
			isa = PBXResourcesBuildPhase;
			buildActionMask = 2147483647;
			files = (
				B39717D61ADC49E6004DE3F1 /* InfoPlist.strings in Resources */,
			);
			runOnlyForDeploymentPostprocessing = 0;
		};
/* End PBXResourcesBuildPhase section */

/* Begin PBXSourcesBuildPhase section */
		B39717A51ADC49E6004DE3F1 /* Sources */ = {
			isa = PBXSourcesBuildPhase;
			buildActionMask = 2147483647;
			files = (
				B39717C31ADC49E6004DE3F1 /* ViewController.m in Sources */,
				B39717E31ADC51E4004DE3F1 /* MyLayout.m in Sources */,
				B39717BD1ADC49E6004DE3F1 /* AppDelegate.m in Sources */,
				B39717B91ADC49E6004DE3F1 /* main.m in Sources */,
			);
			runOnlyForDeploymentPostprocessing = 0;
		};
		B39717C61ADC49E6004DE3F1 /* Sources */ = {
			isa = PBXSourcesBuildPhase;
			buildActionMask = 2147483647;
			files = (
				B39717D81ADC49E6004DE3F1 /* AutoLayoutTests.m in Sources */,
			);
			runOnlyForDeploymentPostprocessing = 0;
		};
/* End PBXSourcesBuildPhase section */

/* Begin PBXTargetDependency section */
		B39717D01ADC49E6004DE3F1 /* PBXTargetDependency */ = {
			isa = PBXTargetDependency;
			target = B39717A81ADC49E6004DE3F1 /* AutoLayout */;
			targetProxy = B39717CF1ADC49E6004DE3F1 /* PBXContainerItemProxy */;
		};
/* End PBXTargetDependency section */

/* Begin PBXVariantGroup section */
		B39717B51ADC49E6004DE3F1 /* InfoPlist.strings */ = {
			isa = PBXVariantGroup;
			children = (
				B39717B61ADC49E6004DE3F1 /* en */,
			);
			name = InfoPlist.strings;
			sourceTree = "<group>";
		};
		B39717BE1ADC49E6004DE3F1 /* Main.storyboard */ = {
			isa = PBXVariantGroup;
			children = (
				B39717BF1ADC49E6004DE3F1 /* Base */,
			);
			name = Main.storyboard;
			sourceTree = "<group>";
		};
		B39717D41ADC49E6004DE3F1 /* InfoPlist.strings */ = {
			isa = PBXVariantGroup;
			children = (
				B39717D51ADC49E6004DE3F1 /* en */,
			);
			name = InfoPlist.strings;
			sourceTree = "<group>";
		};
/* End PBXVariantGroup section */

/* Begin XCBuildConfiguration section */
		B39717D91ADC49E6004DE3F1 /* Debug */ = {
			isa = XCBuildConfiguration;
			buildSettings = {
				ALWAYS_SEARCH_USER_PATHS = NO;
				CLANG_CXX_LANGUAGE_STANDARD = "gnu++0x";
				CLANG_CXX_LIBRARY = "libc++";
				CLANG_ENABLE_MODULES = YES;
				CLANG_ENABLE_OBJC_ARC = YES;
				CLANG_WARN_BOOL_CONVERSION = YES;
				CLANG_WARN_CONSTANT_CONVERSION = YES;
				CLANG_WARN_DIRECT_OBJC_ISA_USAGE = YES_ERROR;
				CLANG_WARN_EMPTY_BODY = YES;
				CLANG_WARN_ENUM_CONVERSION = YES;
				CLANG_WARN_INT_CONVERSION = YES;
				CLANG_WARN_OBJC_ROOT_CLASS = YES_ERROR;
				CLANG_WARN__DUPLICATE_METHOD_MATCH = YES;
				"CODE_SIGN_IDENTITY[sdk=iphoneos*]" = "iPhone Developer";
				COPY_PHASE_STRIP = NO;
				GCC_C_LANGUAGE_STANDARD = gnu99;
				GCC_DYNAMIC_NO_PIC = NO;
				GCC_OPTIMIZATION_LEVEL = 0;
				GCC_PREPROCESSOR_DEFINITIONS = (
					"DEBUG=1",
					"$(inherited)",
				);
				GCC_SYMBOLS_PRIVATE_EXTERN = NO;
				GCC_WARN_64_TO_32_BIT_CONVERSION = YES;
				GCC_WARN_ABOUT_RETURN_TYPE = YES_ERROR;
				GCC_WARN_UNDECLARED_SELECTOR = YES;
				GCC_WARN_UNINITIALIZED_AUTOS = YES_AGGRESSIVE;
				GCC_WARN_UNUSED_FUNCTION = YES;
				GCC_WARN_UNUSED_VARIABLE = YES;
				IPHONEOS_DEPLOYMENT_TARGET = 7.1;
				ONLY_ACTIVE_ARCH = YES;
				SDKROOT = iphoneos;
			};
			name = Debug;
		};
		B39717DA1ADC49E6004DE3F1 /* Release */ = {
			isa = XCBuildConfiguration;
			buildSettings = {
				ALWAYS_SEARCH_USER_PATHS = NO;
				CLANG_CXX_LANGUAGE_STANDARD = "gnu++0x";
				CLANG_CXX_LIBRARY = "libc++";
				CLANG_ENABLE_MODULES = YES;
				CLANG_ENABLE_OBJC_ARC = YES;
				CLANG_WARN_BOOL_CONVERSION = YES;
				CLANG_WARN_CONSTANT_CONVERSION = YES;
				CLANG_WARN_DIRECT_OBJC_ISA_USAGE = YES_ERROR;
				CLANG_WARN_EMPTY_BODY = YES;
				CLANG_WARN_ENUM_CONVERSION = YES;
				CLANG_WARN_INT_CONVERSION = YES;
				CLANG_WARN_OBJC_ROOT_CLASS = YES_ERROR;
				CLANG_WARN__DUPLICATE_METHOD_MATCH = YES;
				"CODE_SIGN_IDENTITY[sdk=iphoneos*]" = "iPhone Developer";
				COPY_PHASE_STRIP = YES;
				ENABLE_NS_ASSERTIONS = NO;
				GCC_C_LANGUAGE_STANDARD = gnu99;
				GCC_WARN_64_TO_32_BIT_CONVERSION = YES;
				GCC_WARN_ABOUT_RETURN_TYPE = YES_ERROR;
				GCC_WARN_UNDECLARED_SELECTOR = YES;
				GCC_WARN_UNINITIALIZED_AUTOS = YES_AGGRESSIVE;
				GCC_WARN_UNUSED_FUNCTION = YES;
				GCC_WARN_UNUSED_VARIABLE = YES;
				IPHONEOS_DEPLOYMENT_TARGET = 7.1;
				SDKROOT = iphoneos;
				VALIDATE_PRODUCT = YES;
			};
			name = Release;
		};
		B39717DC1ADC49E6004DE3F1 /* Debug */ = {
			isa = XCBuildConfiguration;
			buildSettings = {
				ASSETCATALOG_COMPILER_APPICON_NAME = AppIcon;
				ASSETCATALOG_COMPILER_LAUNCHIMAGE_NAME = LaunchImage;
				GCC_PRECOMPILE_PREFIX_HEADER = YES;
				GCC_PREFIX_HEADER = "AutoLayout/AutoLayout-Prefix.pch";
				INFOPLIST_FILE = "AutoLayout/AutoLayout-Info.plist";
				PRODUCT_NAME = "$(TARGET_NAME)";
				WRAPPER_EXTENSION = app;
			};
			name = Debug;
		};
		B39717DD1ADC49E6004DE3F1 /* Release */ = {
			isa = XCBuildConfiguration;
			buildSettings = {
				ASSETCATALOG_COMPILER_APPICON_NAME = AppIcon;
				ASSETCATALOG_COMPILER_LAUNCHIMAGE_NAME = LaunchImage;
				GCC_PRECOMPILE_PREFIX_HEADER = YES;
				GCC_PREFIX_HEADER = "AutoLayout/AutoLayout-Prefix.pch";
				INFOPLIST_FILE = "AutoLayout/AutoLayout-Info.plist";
				PRODUCT_NAME = "$(TARGET_NAME)";
				WRAPPER_EXTENSION = app;
			};
			name = Release;
		};
		B39717DF1ADC49E6004DE3F1 /* Debug */ = {
			isa = XCBuildConfiguration;
			buildSettings = {
				BUNDLE_LOADER = "$(BUILT_PRODUCTS_DIR)/AutoLayout.app/AutoLayout";
				FRAMEWORK_SEARCH_PATHS = (
					"$(SDKROOT)/Developer/Library/Frameworks",
					"$(inherited)",
					"$(DEVELOPER_FRAMEWORKS_DIR)",
				);
				GCC_PRECOMPILE_PREFIX_HEADER = YES;
				GCC_PREFIX_HEADER = "AutoLayout/AutoLayout-Prefix.pch";
				GCC_PREPROCESSOR_DEFINITIONS = (
					"DEBUG=1",
					"$(inherited)",
				);
				INFOPLIST_FILE = "AutoLayoutTests/AutoLayoutTests-Info.plist";
				PRODUCT_NAME = "$(TARGET_NAME)";
				TEST_HOST = "$(BUNDLE_LOADER)";
				WRAPPER_EXTENSION = xctest;
			};
			name = Debug;
		};
		B39717E01ADC49E6004DE3F1 /* Release */ = {
			isa = XCBuildConfiguration;
			buildSettings = {
				BUNDLE_LOADER = "$(BUILT_PRODUCTS_DIR)/AutoLayout.app/AutoLayout";
				FRAMEWORK_SEARCH_PATHS = (
					"$(SDKROOT)/Developer/Library/Frameworks",
					"$(inherited)",
					"$(DEVELOPER_FRAMEWORKS_DIR)",
				);
				GCC_PRECOMPILE_PREFIX_HEADER = YES;
				GCC_PREFIX_HEADER = "AutoLayout/AutoLayout-Prefix.pch";
				INFOPLIST_FILE = "AutoLayoutTests/AutoLayoutTests-Info.plist";
				PRODUCT_NAME = "$(TARGET_NAME)";
				TEST_HOST = "$(BUNDLE_LOADER)";
				WRAPPER_EXTENSION = xctest;
			};
			name = Release;
		};
/* End XCBuildConfiguration section */

/* Begin XCConfigurationList section */
		B39717A41ADC49E6004DE3F1 /* Build configuration list for PBXProject "AutoLayout" */ = {
			isa = XCConfigurationList;
			buildConfigurations = (
				B39717D91ADC49E6004DE3F1 /* Debug */,
				B39717DA1ADC49E6004DE3F1 /* Release */,
			);
			defaultConfigurationIsVisible = 0;
			defaultConfigurationName = Release;
		};
		B39717DB1ADC49E6004DE3F1 /* Build configuration list for PBXNativeTarget "AutoLayout" */ = {
			isa = XCConfigurationList;
			buildConfigurations = (
				B39717DC1ADC49E6004DE3F1 /* Debug */,
				B39717DD1ADC49E6004DE3F1 /* Release */,
			);
			defaultConfigurationIsVisible = 0;
		};
		B39717DE1ADC49E6004DE3F1 /* Build configuration list for PBXNativeTarget "AutoLayoutTests" */ = {
			isa = XCConfigurationList;
			buildConfigurations = (
				B39717DF1ADC49E6004DE3F1 /* Debug */,
				B39717E01ADC49E6004DE3F1 /* Release */,
			);
			defaultConfigurationIsVisible = 0;
		};
/* End XCConfigurationList section */
	};
	rootObject = B39717A11ADC49E6004DE3F1 /* Project object */;
}
